{
  "name": "ottplay-epg-relay-native-tests",
  "version": "1.0.0",
  "lockfileVersion": 3,
  "requires": true,
  "packages": {
    "": {
      "name": "ottplay-epg-relay-native-tests",
      "version": "1.0.0",
      "devDependencies": {
        "workerd": "1.20261008.1"
      }
    },
    "node_modules/@cloudflare/workerd-darwin-64": {
      "version": "1.20261008.1",
      "resolved": "https://registry.npmjs.org/@cloudflare/workerd-darwin-64/-/workerd-darwin-64-1.20261008.1.tgz",
      "integrity": "sha512-7+sdEZgjuqtbL+ipY8uotYuP8Yw0Wr6FH7wcBY3Hxv4Yfhj3feBjq62NanunnBlMWjmkjX3nLxW11ylCeb59KQ==",
      "cpu": [
        "x64"
      ],
      "dev": true,
      "license": "Apache-2.0",
      "optional": true,
      "os": [
        "darwin"
      ],
      "engines": {
        "node": ">=16"
      }
    },
    "node_modules/@cloudflare/workerd-darwin-arm64": {
      "version": "1.20261008.1",
      "resolved": "https://registry.npmjs.org/@cloudflare/workerd-darwin-arm64/-/workerd-darwin-arm64-1.20261008.1.tgz",
      "integrity": "sha512-n2/4RXb6RyHQS2LJE1oWp3KSe3AesqKaJKEcH3c1hECHzF462v4OA9XgVfFe+LBRocKzqju8Ehr/DfYVR2vGXQ==",
      "cpu": [
        "arm64"
      ],
      "dev": true,
      "license": "Apache-2.0",
      "optional": true,
      "os": [
        "darwin"
      ],
      "engines": {
        "node": ">=16"
      }
    },
    "node_modules/@cloudflare/workerd-linux-64": {
      "version": "1.20261008.1",
      "resolved": "https://registry.npmjs.org/@cloudflare/workerd-linux-64/-/workerd-linux-64-1.20261008.1.tgz",
      "integrity": "sha512-xiEyjNaRBpaw8n9K8V/UVcqoSpIo1zuO4A9610CgaJ5WfXi/whV7XFVazGFIMY1VgG/eDlzaRNXwkxN+iOzyCA==",
      "cpu": [
        "x64"
      ],
      "dev": true,
      "license": "Apache-2.0",
      "optional": true,
      "os": [
        "linux"
      ],
      "engines": {
        "node": ">=16"
      }
    },
    "node_modules/@cloudflare/workerd-linux-arm64": {
      "version": "1.20261008.1",
      "resolved": "https://registry.npmjs.org/@cloudflare/workerd-linux-arm64/-/workerd-linux-arm64-1.20261008.1.tgz",
      "integrity": "sha512-tZn2aAFZNRHykIVXHJTMBBpy9KDZwkKNJk3zHoX7wH3elvowjere4IIyV+8CRXZbN7DRV2tbuQBKkAk/ln8ybg==",
      "cpu": [
        "arm64"
      ],
      "dev": true,
      "license": "Apache-2.0",
      "optional": true,
      "os": [
        "linux"
      ],
      "engines": {
        "node": ">=16"
      }
    },
    "node_modules/@cloudflare/workerd-windows-64": {
      "version": "1.20261008.1",
      "resolved": "https://registry.npmjs.org/@cloudflare/workerd-windows-64/-/workerd-windows-64-1.20261008.1.tgz",
      "integrity": "sha512-viCFuoMCNzXr0N33iYz8OVhy1EouGNs8cFAB7d0tpRVig8JwwEVZcpBkvznAMw8JH8HoeX72eL6bciEjipyg7w==",
      "cpu": [
        "x64"
      ],
      "dev": true,
      "license": "Apache-2.0",
      "optional": true,
      "os": [
        "win32"
      ],
      "engines": {
        "node": ">=16"
      }
    },
    "node_modules/workerd": {
      "version": "1.20261008.1",
      "resolved": "https://registry.npmjs.org/workerd/-/workerd-1.20261008.1.tgz",
      "integrity": "sha512-lSPlJJ6HqtnTrZbla5va1hORl322vVcOIbn5ERA3lmNY+DYrhlBiMuUwn0kLzfW4gSfQSLmNShoy0IeQWVoQdw==",
      "dev": true,
      "hasInstallScript": true,
      "license": "Apache-2.0",
      "bin": {
        "workerd": "bin/workerd"
      },
      "engines": {
        "node": ">=16"
      },
      "optionalDependencies": {
        "@cloudflare/workerd-darwin-64": "1.20261008.1",
        "@cloudflare/workerd-darwin-arm64": "1.20261008.1",
        "@cloudflare/workerd-linux-64": "1.20261008.1",
        "@cloudflare/workerd-linux-arm64": "1.20261008.1",
        "@cloudflare/workerd-windows-64": "1.20261008.1"
      }
    }
  }
}
